// !$*UTF8*$!
{
	archiveVersion = 1;
	classes = {
	};
	objectVersion = 46;
	objects = {

/* Begin PBXBuildFile section */
		9094CBAB1ECE3B6000B05B6A /* AppDelegate.swift in Sources */ = {isa = PBXBuildFile; fileRef = 9094CBAA1ECE3B6000B05B6A /* AppDelegate.swift */; };
		9094CBAD1ECE3B6000B05B6A /* ViewController.swift in Sources */ = {isa = PBXBuildFile; fileRef = 9094CBAC1ECE3B6000B05B6A /* ViewController.swift */; };
		9094CBB01ECE3B6000B05B6A /* Main.storyboard in Resources */ = {isa = PBXBuildFile; fileRef = 9094CBAE1ECE3B6000B05B6A /* Main.storyboard */; };
		9094CBB31ECE3B6000B05B6A /* PickUp.xcdatamodeld in Sources */ = {isa = PBXBuildFile; fileRef = 9094CBB11ECE3B6000B05B6A /* PickUp.xcdatamodeld */; };
		9094CBB51ECE3B6000B05B6A /* Assets.xcassets in Resources */ = {isa = PBXBuildFile; fileRef = 9094CBB41ECE3B6000B05B6A /* Assets.xcassets */; };
		9094CBB81ECE3B6000B05B6A /* LaunchScreen.storyboard in Resources */ = {isa = PBXBuildFile; fileRef = 9094CBB61ECE3B6000B05B6A /* LaunchScreen.storyboard */; };
/* End PBXBuildFile section */

/* Begin PBXFileReference section */
		9094CBA71ECE3B6000B05B6A /* PickUp.app */ = {isa = PBXFileReference; explicitFileType = wrapper.application; includeInIndex = 0; path = PickUp.app; sourceTree = BUILT_PRODUCTS_DIR; };
		9094CBAA1ECE3B6000B05B6A /* AppDelegate.swift */ = {isa = PBXFileReference; lastKnownFileType = sourcecode.swift; path = AppDelegate.swift; sourceTree = "<group>"; };
		9094CBAC1ECE3B6000B05B6A /* ViewController.swift */ = {isa = PBXFileReference; lastKnownFileType = sourcecode.swift; path = ViewController.swift; sourceTree = "<group>"; };
		9094CBAF1ECE3B6000B05B6A /* Base */ = {isa = PBXFileReference; lastKnownFileType = file.storyboard; name = Base; path = Base.lproj/Main.storyboard; sourceTree = "<group>"; };
		9094CBB21ECE3B6000B05B6A /* PickUp.xcdatamodel */ = {isa = PBXFileReference; lastKnownFileType = wrapper.xcdatamodel; path = PickUp.xcdatamodel; sourceTree = "<group>"; };
		9094CBB41ECE3B6000B05B6A /* Assets.xcassets */ = {isa = PBXFileReference; lastKnownFileType = folder.assetcatalog; path = Assets.xcassets; sourceTree = "<group>"; };
		9094CBB71ECE3B6000B05B6A /* Base */ = {isa = PBXFileReference; lastKnownFileType = file.storyboard; name = Base; path = Base.lproj/LaunchScreen.storyboard; sourceTree = "<group>"; };
		9094CBB91ECE3B6000B05B6A /* Info.plist */ = {isa = PBXFileReference; lastKnownFileType = text.plist.xml; path = Info.plist; sourceTree = "<group>"; };
/* End PBXFileReference section */

/* Begin PBXFrameworksBuildPhase section */
		9094CBA41ECE3B6000B05B6A /* Frameworks */ = {
			isa = PBXFrameworksBuildPhase;
			buildActionMask = 2147483647;
			files = (
			);
			runOnlyForDeploymentPostprocessing = 0;
		};
/* End PBXFrameworksBuildPhase section */

/* Begin PBXGroup section */
		9094CB9E1ECE3B6000B05B6A = {
			isa = PBXGroup;
			children = (
				9094CBA91ECE3B6000B05B6A /* PickUp */,
				9094CBA81ECE3B6000B05B6A /* Products */,
			);
			sourceTree = "<group>";
		};
		9094CBA81ECE3B6000B05B6A /* Products */ = {
			isa = PBXGroup;
			children = (
				9094CBA71ECE3B6000B05B6A /* PickUp.app */,
			);
			name = Products;
			sourceTree = "<group>";
		};
		9094CBA91ECE3B6000B05B6A /* PickUp */ = {
			isa = PBXGroup;
			children = (
				9094CBAA1ECE3B6000B05B6A /* AppDelegate.swift */,
				9094CBAC1ECE3B6000B05B6A /* ViewController.swift */,
				9094CBAE1ECE3B6000B05B6A /* Main.storyboard */,
				9094CBB41ECE3B6000B05B6A /* Assets.xcassets */,
				9094CBB61ECE3B6000B05B6A /* LaunchScreen.storyboard */,
				9094CBB91ECE3B6000B05B6A /* Info.plist */,
				9094CBB11ECE3B6000B05B6A /* PickUp.xcdatamodeld */,
			);
			path = PickUp;
			sourceTree = "<group>";
		};
/* End PBXGroup section */

/* Begin PBXNativeTarget section */
		9094CBA61ECE3B6000B05B6A /* PickUp */ = {
			isa = PBXNativeTarget;
			buildConfigurationList = 9094CBBC1ECE3B6000B05B6A /* Build configuration list for PBXNativeTarget "PickUp" */;
			buildPhases = (
				9094CBA31ECE3B6000B05B6A /* Sources */,
				9094CBA41ECE3B6000B05B6A /* Frameworks */,
				9094CBA51ECE3B6000B05B6A /* Resources */,
			);
			buildRules = (
			);
			dependencies = (
			);
			name = PickUp;
			productName = PickUp;
			productReference = 9094CBA71ECE3B6000B05B6A /* PickUp.app */;
			productType = "com.apple.product-type.application";
		};
/* End PBXNativeTarget section */

/* Begin PBXProject section */
		9094CB9F1ECE3B6000B05B6A /* Project object */ = {
			isa = PBXProject;
			attributes = {
				LastSwiftUpdateCheck = 0830;
				LastUpgradeCheck = 0830;
				ORGANIZATIONNAME = kavya;
				TargetAttributes = {
					9094CBA61ECE3B6000B05B6A = {
						CreatedOnToolsVersion = 8.3.2;
						ProvisioningStyle = Automatic;
					};
				};
			};
			buildConfigurationList = 9094CBA21ECE3B6000B05B6A /* Build configuration list for PBXProject "PickUp" */;
			compatibilityVersion = "Xcode 3.2";
			developmentRegion = English;
			hasScannedForEncodings = 0;
			knownRegions = (
				en,
				Base,
			);
			mainGroup = 9094CB9E1ECE3B6000B05B6A;
			productRefGroup = 9094CBA81ECE3B6000B05B6A /* Products */;
			projectDirPath = "";
			projectRoot = "";
			targets = (
				9094CBA61ECE3B6000B05B6A /* PickUp */,
			);
		};
/* End PBXProject section */

/* Begin PBXResourcesBuildPhase section */
		9094CBA51ECE3B6000B05B6A /* Resources */ = {
			isa = PBXResourcesBuildPhase;
			buildActionMask = 2147483647;
			files = (
				9094CBB81ECE3B6000B05B6A /* LaunchScreen.storyboard in Resources */,
				9094CBB51ECE3B6000B05B6A /* Assets.xcassets in Resources */,
				9094CBB01ECE3B6000B05B6A /* Main.storyboard in Resources */,
			);
			runOnlyForDeploymentPostprocessing = 0;
		};
/* End PBXResourcesBuildPhase section */

/* Begin PBXSourcesBuildPhase section */
		9094CBA31ECE3B6000B05B6A /* Sources */ = {
			isa = PBXSourcesBuildPhase;
			buildActionMask = 2147483647;
			files = (
				9094CBB31ECE3B6000B05B6A /* PickUp.xcdatamodeld in Sources */,
				9094CBAD1ECE3B6000B05B6A /* ViewController.swift in Sources */,
				9094CBAB1ECE3B6000B05B6A /* AppDelegate.swift in Sources */,
			);
			runOnlyForDeploymentPostprocessing = 0;
		};
/* End PBXSourcesBuildPhase section */

/* Begin PBXVariantGroup section */
		9094CBAE1ECE3B6000B05B6A /* Main.storyboard */ = {
			isa = PBXVariantGroup;
			children = (
				9094CBAF1ECE3B6000B05B6A /* Base */,
			);
			name = Main.storyboard;
			sourceTree = "<group>";
		};
		9094CBB61ECE3B6000B05B6A /* LaunchScreen.storyboard */ = {
			isa = PBXVariantGroup;
			children = (
				9094CBB71ECE3B6000B05B6A /* Base */,
			);
			name = LaunchScreen.storyboard;
			sourceTree = "<group>";
		};
/* End PBXVariantGroup section */

/* Begin XCBuildConfiguration section */
		9094CBBA1ECE3B6000B05B6A /* Debug */ = {
			isa = XCBuildConfiguration;
			buildSettings = {
				ALWAYS_SEARCH_USER_PATHS = NO;
				CLANG_ANALYZER_NONNULL = YES;
				CLANG_ANALYZER_NUMBER_OBJECT_CONVERSION = YES_AGGRESSIVE;
				CLANG_CXX_LANGUAGE_STANDARD = "gnu++0x";
				CLANG_CXX_LIBRARY = "libc++";
				CLANG_ENABLE_MODULES = YES;
				CLANG_ENABLE_OBJC_ARC = YES;
				CLANG_WARN_BOOL_CONVERSION = YES;
				CLANG_WARN_CONSTANT_CONVERSION = YES;
				CLANG_WARN_DIRECT_OBJC_ISA_USAGE = YES_ERROR;
				CLANG_WARN_DOCUMENTATION_COMMENTS = YES;
				CLANG_WARN_EMPTY_BODY = YES;
				CLANG_WARN_ENUM_CONVERSION = YES;
				CLANG_WARN_INFINITE_RECURSION = YES;
				CLANG_WARN_INT_CONVERSION = YES;
				CLANG_WARN_OBJC_ROOT_CLASS = YES_ERROR;
				CLANG_WARN_SUSPICIOUS_MOVE = YES;
				CLANG_WARN_UNREACHABLE_CODE = YES;
				CLANG_WARN__DUPLICATE_METHOD_MATCH = YES;
				"CODE_SIGN_IDENTITY[sdk=iphoneos*]" = "iPhone Developer";
				COPY_PHASE_STRIP = NO;
				DEBUG_INFORMATION_FORMAT = dwarf;
				ENABLE_STRICT_OBJC_MSGSEND = YES;
				ENABLE_TESTABILITY = YES;
				GCC_C_LANGUAGE_STANDARD = gnu99;
				GCC_DYNAMIC_NO_PIC = NO;
				GCC_NO_COMMON_BLOCKS = YES;
				GCC_OPTIMIZATION_LEVEL = 0;
				GCC_PREPROCESSOR_DEFINITIONS = (
					"DEBUG=1",
					"$(inherited)",
				);
				GCC_WARN_64_TO_32_BIT_CONVERSION = YES;
				GCC_WARN_ABOUT_RETURN_TYPE = YES_ERROR;
				GCC_WARN_UNDECLARED_SELECTOR = YES;
				GCC_WARN_UNINITIALIZED_AUTOS = YES_AGGRESSIVE;
				GCC_WARN_UNUSED_FUNCTION = YES;
				GCC_WARN_UNUSED_VARIABLE = YES;
				IPHONEOS_DEPLOYMENT_TARGET = 10.3;
				MTL_ENABLE_DEBUG_INFO = YES;
				ONLY_ACTIVE_ARCH = YES;
				SDKROOT = iphoneos;
				SWIFT_ACTIVE_COMPILATION_CONDITIONS = DEBUG;
				SWIFT_OPTIMIZATION_LEVEL = "-Onone";
				TARGETED_DEVICE_FAMILY = "1,2";
			};
			name = Debug;
		};
		9094CBBB1ECE3B6000B05B6A /* Release */ = {
			isa = XCBuildConfiguration;
			buildSettings = {
				ALWAYS_SEARCH_USER_PATHS = NO;
				CLANG_ANALYZER_NONNULL = YES;
				CLANG_ANALYZER_NUMBER_OBJECT_CONVERSION = YES_AGGRESSIVE;
				CLANG_CXX_LANGUAGE_STANDARD = "gnu++0x";
				CLANG_CXX_LIBRARY = "libc++";
				CLANG_ENABLE_MODULES = YES;
				CLANG_ENABLE_OBJC_ARC = YES;
				CLANG_WARN_BOOL_CONVERSION = YES;
				CLANG_WARN_CONSTANT_CONVERSION = YES;
				CLANG_WARN_DIRECT_OBJC_ISA_USAGE = YES_ERROR;
				CLANG_WARN_DOCUMENTATION_COMMENTS = YES;
				CLANG_WARN_EMPTY_BODY = YES;
				CLANG_WARN_ENUM_CONVERSION = YES;
				CLANG_WARN_INFINITE_RECURSION = YES;
				CLANG_WARN_INT_CONVERSION = YES;
				CLANG_WARN_OBJC_ROOT_CLASS = YES_ERROR;
				CLANG_WARN_SUSPICIOUS_MOVE = YES;
				CLANG_WARN_UNREACHABLE_CODE = YES;
				CLANG_WARN__DUPLICATE_METHOD_MATCH = YES;
				"CODE_SIGN_IDENTITY[sdk=iphoneos*]" = "iPhone Developer";
				COPY_PHASE_STRIP = NO;
				DEBUG_INFORMATION_FORMAT = "dwarf-with-dsym";
				ENABLE_NS_ASSERTIONS = NO;
				ENABLE_STRICT_OBJC_MSGSEND = YES;
				GCC_C_LANGUAGE_STANDARD = gnu99;
				GCC_NO_COMMON_BLOCKS = YES;
				GCC_WARN_64_TO_32_BIT_CONVERSION = YES;
				GCC_WARN_ABOUT_RETURN_TYPE = YES_ERROR;
				GCC_WARN_UNDECLARED_SELECTOR = YES;
				GCC_WARN_UNINITIALIZED_AUTOS = YES_AGGRESSIVE;
				GCC_WARN_UNUSED_FUNCTION = YES;
				GCC_WARN_UNUSED_VARIABLE = YES;
				IPHONEOS_DEPLOYMENT_TARGET = 10.3;
				MTL_ENABLE_DEBUG_INFO = NO;
				SDKROOT = iphoneos;
				SWIFT_OPTIMIZATION_LEVEL = "-Owholemodule";
				TARGETED_DEVICE_FAMILY = "1,2";
				VALIDATE_PRODUCT = YES;
			};
			name = Release;
		};
		9094CBBD1ECE3B6000B05B6A /* Debug */ = {
			isa = XCBuildConfiguration;
			buildSettings = {
				ASSETCATALOG_COMPILER_APPICON_NAME = AppIcon;
				INFOPLIST_FILE = PickUp/Info.plist;
				LD_RUNPATH_SEARCH_PATHS = "$(inherited) @executable_path/Frameworks";
				PRODUCT_BUNDLE_IDENTIFIER = com.kavya.PickUp;
				PRODUCT_NAME = "$(TARGET_NAME)";
				SWIFT_VERSION = 3.0;
			};
			name = Debug;
		};
		9094CBBE1ECE3B6000B05B6A /* Release */ = {
			isa = XCBuildConfiguration;
			buildSettings = {
				ASSETCATALOG_COMPILER_APPICON_NAME = AppIcon;
				INFOPLIST_FILE = PickUp/Info.plist;
				LD_RUNPATH_SEARCH_PATHS = "$(inherited) @executable_path/Frameworks";
				PRODUCT_BUNDLE_IDENTIFIER = com.kavya.PickUp;
				PRODUCT_NAME = "$(TARGET_NAME)";
				SWIFT_VERSION = 3.0;
			};
			name = Release;
		};
/* End XCBuildConfiguration section */

/* Begin XCConfigurationList section */
		9094CBA21ECE3B6000B05B6A /* Build configuration list for PBXProject "PickUp" */ = {
			isa = XCConfigurationList;
			buildConfigurations = (
				9094CBBA1ECE3B6000B05B6A /* Debug */,
				9094CBBB1ECE3B6000B05B6A /* Release */,
			);
			defaultConfigurationIsVisible = 0;
			defaultConfigurationName = Release;
		};
		9094CBBC1ECE3B6000B05B6A /* Build configuration list for PBXNativeTarget "PickUp" */ = {
			isa = XCConfigurationList;
			buildConfigurations = (
				9094CBBD1ECE3B6000B05B6A /* Debug */,
				9094CBBE1ECE3B6000B05B6A /* Release */,
			);
			defaultConfigurationIsVisible = 0;
		};
/* End XCConfigurationList section */

/* Begin XCVersionGroup section */
		9094CBB11ECE3B6000B05B6A /* PickUp.xcdatamodeld */ = {
			isa = XCVersionGroup;
			children = (
				9094CBB21ECE3B6000B05B6A /* PickUp.xcdatamodel */,
			);
			currentVersion = 9094CBB21ECE3B6000B05B6A /* PickUp.xcdatamodel */;
			path = PickUp.xcdatamodeld;
			sourceTree = "<group>";
			versionGroupType = wrapper.xcdatamodel;
		};
/* End XCVersionGroup section */
	};
	rootObject = 9094CB9F1ECE3B6000B05B6A /* Project object */;
}
